
Microsoft Visual Studio Solution File, Format Version 12.00
# Visual Studio Version 17
VisualStudioVersion = 17.4.33213.308
MinimumVisualStudioVersion = 10.0.40219.1
Project("{FAE04EC0-301F-11D3-BF4B-00C04F79EFBC}") = "Zadanie dzien 4", "Zadanie dzien 4\Zadanie dzien 4.csproj", "{8AE6F56D-8AE2-484A-A861-6470FA50C79C}"
EndProject
Global
	GlobalSection(SolutionConfigurationPlatforms) = preSolution
		Debug|Any CPU = Debug|Any CPU
		Release|Any CPU = Release|Any CPU
	EndGlobalSection
	GlobalSection(ProjectConfigurationPlatforms) = postSolution
		{8AE6F56D-8AE2-484A-A861-6470FA50C79C}.Debug|Any CPU.ActiveCfg = Debug|Any CPU
		{8AE6F56D-8AE2-484A-A861-6470FA50C79C}.Debug|Any CPU.Build.0 = Debug|Any CPU
		{8AE6F56D-8AE2-484A-A861-6470FA50C79C}.Release|Any CPU.ActiveCfg = Release|Any CPU
		{8AE6F56D-8AE2-484A-A861-6470FA50C79C}.Release|Any CPU.Build.0 = Release|Any CPU
	EndGlobalSection
	GlobalSection(SolutionProperties) = preSolution
		HideSolutionNode = FALSE
	EndGlobalSection
	GlobalSection(ExtensibilityGlobals) = postSolution
		SolutionGuid = {F3A8FD69-EA47-47CE-B666-FC01EE677727}
	EndGlobalSection
EndGlobal
